{
  "lockfileVersion": 1,
  "configVersion": 1,
  "workspaces": {
    "": {
      "name": "nazoedit",
      "dependencies": {
        "@codemirror/state": "^6.0.0",
        "@repomix/tree-sitter-wasms": "^0.1.17",
        "@tree-sitter-grammars/tree-sitter-lua": "^0.4.1",
        "@tree-sitter-grammars/tree-sitter-markdown": "^0.3.2",
        "@vscode/tree-sitter-wasm": "^0.3.1",
        "tree-sitter-wasms": "^0.1.13",
        "wasmoon": "^1.16.0",
        "web-tree-sitter": "^0.26.8",
      },
      "devDependencies": {
        "@types/bun": "^1.3.13",
        "tree-sitter-c": "^0.24.1",
        "tree-sitter-cli": "^0.26.8",
        "tree-sitter-css": "^0.25.0",
        "tree-sitter-go": "^0.25.0",
        "tree-sitter-html": "^0.23.2",
        "tree-sitter-json": "^0.24.8",
        "tree-sitter-lua": "^2.1.3",
        "tree-sitter-markdown": "^0.7.1",
        "tree-sitter-python": "^0.25.0",
        "tree-sitter-rust": "^0.24.0",
        "tree-sitter-typescript": "^0.23.2",
      },
    },
  },
  "packages": {
    "@codemirror/state": ["@codemirror/state@6.6.0", "", { "dependencies": { "@marijn/find-cluster-break": "^1.0.0" } }, "sha512-4nbvra5R5EtiCzr9BTHiTLc+MLXK2QGiAVYMyi8PkQd3SR+6ixar/Q/01Fa21TBIDOZXgeWV4WppsQolSreAPQ=="],

    "@marijn/find-cluster-break": ["@marijn/find-cluster-break@1.0.2", "", {}, "sha512-l0h88YhZFyKdXIFNfSWpyjStDjGHwZ/U7iobcK1cQQD8sejsONdQtTVU+1wVN1PBw40PiiHB1vA5S7VTfQiP9g=="],

    "@repomix/tree-sitter-wasms": ["@repomix/tree-sitter-wasms@0.1.17", "", {}, "sha512-tc3HnFqdMF1pXhIMzG3aTaBDpIiHK2tPfn3fwqA6P3WTbHa+1EuuTubbKshvmN7xCHP5Ojz0/VW4R+XvR88KOw=="],

    "@tree-sitter-grammars/tree-sitter-lua": ["@tree-sitter-grammars/tree-sitter-lua@0.4.1", "", { "dependencies": { "node-addon-api": "^8.5.0", "node-gyp-build": "^4.8.4" }, "peerDependencies": { "tree-sitter": "^0.22.4" }, "optionalPeers": ["tree-sitter"] }, "sha512-EwagFaU6ZveVk18/Y8qUhZkkiBKnQ7dSCHbm//TUroLVKy3i1rOYGy/cNHtSkAb1eDvS1HhCLybH2S541Cya/g=="],

    "@tree-sitter-grammars/tree-sitter-markdown": ["@tree-sitter-grammars/tree-sitter-markdown@0.3.2", "", { "dependencies": { "node-addon-api": "^8.1.0", "node-gyp-build": "^4.8.1" }, "peerDependencies": { "tree-sitter": "^0.21.1" } }, "sha512-hQXCcDVvg2t4E8cn7zz6jjIBerzk9E9ZlHxJp5IrUOpY4s1YVpXJbMeWZks2/V7lmkPRnnkM8IrTbQ5ltwEOnA=="],

    "@types/bun": ["@types/bun@1.3.13", "", { "dependencies": { "bun-types": "1.3.13" } }, "sha512-9fqXWk5YIHGGnUau9TEi+qdlTYDAnOj+xLCmSTwXfAIqXr2x4tytJb43E9uCvt09zJURKXwAtkoH4nLQfzeTXw=="],

    "@types/emscripten": ["@types/emscripten@1.39.10", "", {}, "sha512-TB/6hBkYQJxsZHSqyeuO1Jt0AB/bW6G7rHt9g7lML7SOF6lbgcHvw/Lr+69iqN0qxgXLhWKScAon73JNnptuDw=="],

    "@types/node": ["@types/node@25.6.0", "", { "dependencies": { "undici-types": "~7.19.0" } }, "sha512-+qIYRKdNYJwY3vRCZMdJbPLJAtGjQBudzZzdzwQYkEPQd+PJGixUL5QfvCLDaULoLv+RhT3LDkwEfKaAkgSmNQ=="],

    "@vscode/tree-sitter-wasm": ["@vscode/tree-sitter-wasm@0.3.1", "", {}, "sha512-RJFoomET6FajjG511fmQxeBQfU6M24a0aFZPqpid+ttIxanWf1VGytBG0UmsGjt07qmIPJS8U31D+aecuCucsQ=="],

    "bun-types": ["bun-types@1.3.13", "", { "dependencies": { "@types/node": "*" } }, "sha512-QXKeHLlOLqQX9LgYaHJfzdBaV21T63HhFJnvuRCcjZiaUDpbs5ED1MgxbMra71CsryN/1dAoXuJJJwIv/2drVA=="],

    "nan": ["nan@2.26.2", "", {}, "sha512-0tTvBTYkt3tdGw22nrAy50x7gpbGCCFH3AFcyS5WiUu7Eu4vWlri1woE6qHBSfy11vksDqkiwjOnlR7WV8G1Hw=="],

    "node-addon-api": ["node-addon-api@8.7.0", "", {}, "sha512-9MdFxmkKaOYVTV+XVRG8ArDwwQ77XIgIPyKASB1k3JPq3M8fGQQQE3YpMOrKm6g//Ktx8ivZr8xo1Qmtqub+GA=="],

    "node-gyp-build": ["node-gyp-build@4.8.4", "", { "bin": { "node-gyp-build": "bin.js", "node-gyp-build-optional": "optional.js", "node-gyp-build-test": "build-test.js" } }, "sha512-LA4ZjwlnUblHVgq0oBF3Jl/6h/Nvs5fzBLwdEF4nuxnFdsfajde4WfxtJr3CaiH+F6ewcIB/q4jQ4UzPyid+CQ=="],

    "tree-sitter": ["tree-sitter@0.21.1", "", { "dependencies": { "node-addon-api": "^8.0.0", "node-gyp-build": "^4.8.0" } }, "sha512-7dxoA6kYvtgWw80265MyqJlkRl4yawIjO7S5MigytjELkX43fV2WsAXzsNfO7sBpPPCF5Gp0+XzHk0DwLCq3xQ=="],

    "tree-sitter-c": ["tree-sitter-c@0.24.1", "", { "dependencies": { "node-addon-api": "^8.3.1", "node-gyp-build": "^4.8.4" }, "peerDependencies": { "tree-sitter": "^0.22.4" }, "optionalPeers": ["tree-sitter"] }, "sha512-lkYwWN3SRecpvaeqmFKkuPNR3ZbtnvHU+4XAEEkJdrp3JfSp2pBrhXOtvfsENUneye76g889Y0ddF2DM0gEDpA=="],

    "tree-sitter-cli": ["tree-sitter-cli@0.26.8", "", { "bin": { "tree-sitter": "cli.js" } }, "sha512-teQFMF5V/g8aIdakZ0M/eZoedCM3MuBt1JuDOICLloA2hy7QfeOInb99U6wiML4qXcBHWREwf0U1TWzw7p67YA=="],

    "tree-sitter-css": ["tree-sitter-css@0.25.0", "", { "dependencies": { "node-addon-api": "^8.5.0", "node-gyp-build": "^4.8.4" }, "peerDependencies": { "tree-sitter": "^0.25.0" }, "optionalPeers": ["tree-sitter"] }, "sha512-FRc9R8ePrwJiUhZsuZ/wcFQ3K8Z+9yCgDrrUjuYswGWlN89UvcB9vslTUGZElQWGwhS8sUw3/r2n4lpb2sxT4Q=="],

    "tree-sitter-go": ["tree-sitter-go@0.25.0", "", { "dependencies": { "node-addon-api": "^8.3.1", "node-gyp-build": "^4.8.4" }, "peerDependencies": { "tree-sitter": "^0.25.0" }, "optionalPeers": ["tree-sitter"] }, "sha512-APBc/Dq3xz/e35Xpkhb1blu5UgW+2E3RyGWawZSCNcbGwa7jhSQPS8KsUupuzBla8PCo8+lz9W/JDJjmfRa2tw=="],

    "tree-sitter-html": ["tree-sitter-html@0.23.2", "", { "dependencies": { "node-addon-api": "^8.2.2", "node-gyp-build": "^4.8.2" }, "peerDependencies": { "tree-sitter": "^0.21.1" }, "optionalPeers": ["tree-sitter"] }, "sha512-TN+l+7cCeLx9db/1RhRSqMAZO/266Oh2BHb8J8hMSSFLuzYvFTYP/UnD3S0mny5awzw05KzFNgu2vnwzN9wVJg=="],

    "tree-sitter-javascript": ["tree-sitter-javascript@0.23.1", "", { "dependencies": { "node-addon-api": "^8.2.2", "node-gyp-build": "^4.8.2" }, "peerDependencies": { "tree-sitter": "^0.21.1" }, "optionalPeers": ["tree-sitter"] }, "sha512-/bnhbrTD9frUYHQTiYnPcxyHORIw157ERBa6dqzaKxvR/x3PC4Yzd+D1pZIMS6zNg2v3a8BZ0oK7jHqsQo9fWA=="],

    "tree-sitter-json": ["tree-sitter-json@0.24.8", "", { "dependencies": { "node-addon-api": "^8.2.2", "node-gyp-build": "^4.8.2" }, "peerDependencies": { "tree-sitter": "^0.21.1" }, "optionalPeers": ["tree-sitter"] }, "sha512-Tc9ZZYwHyWZ3Tt1VEw7Pa2scu1YO7/d2BCBbKTx5hXwig3UfdQjsOPkPyLpDJOn/m1UBEWYAtSdGAwCSyagBqQ=="],

    "tree-sitter-lua": ["tree-sitter-lua@2.1.3", "", { "dependencies": { "nan": "^2.15.0" } }, "sha512-BmRSRI0Y4J47cE2cODyXsPiueDSAnIrFLJqOP/gKIJhGa4HoGpvEccmNuhAEVGtCrgaHGhaIkWeqiMGCgQ0cfw=="],

    "tree-sitter-markdown": ["tree-sitter-markdown@0.7.1", "", { "dependencies": { "nan": "^2.14.0" } }, "sha512-hB3sEm1JtfoRUzGvknL9RQrS/LJvbrdI9WfGbU8gE6xMjbbAKHfHrNzh4Oo9JxksfUf6UEMxy91acRajEIOnGQ=="],

    "tree-sitter-python": ["tree-sitter-python@0.25.0", "", { "dependencies": { "node-addon-api": "^8.5.0", "node-gyp-build": "^4.8.4" }, "peerDependencies": { "tree-sitter": "^0.25.0" }, "optionalPeers": ["tree-sitter"] }, "sha512-eCmJx6zQa35GxaCtQD+wXHOhYqBxEL+bp71W/s3fcDMu06MrtzkVXR437dRrCrbrDbyLuUDJpAgycs7ncngLXw=="],

    "tree-sitter-rust": ["tree-sitter-rust@0.24.0", "", { "dependencies": { "node-addon-api": "^8.2.2", "node-gyp-build": "^4.8.4" }, "peerDependencies": { "tree-sitter": "^0.22.1" }, "optionalPeers": ["tree-sitter"] }, "sha512-NWemUDf629Tfc90Y0Z55zuwPCAHkLxWnMf2RznYu4iBkkrQl2o/CHGB7Cr52TyN5F1DAx8FmUnDtCy9iUkXZEQ=="],

    "tree-sitter-typescript": ["tree-sitter-typescript@0.23.2", "", { "dependencies": { "node-addon-api": "^8.2.2", "node-gyp-build": "^4.8.2", "tree-sitter-javascript": "^0.23.1" }, "peerDependencies": { "tree-sitter": "^0.21.0" }, "optionalPeers": ["tree-sitter"] }, "sha512-e04JUUKxTT53/x3Uq1zIL45DoYKVfHH4CZqwgZhPg5qYROl5nQjV+85ruFzFGZxu+QeFVbRTPDRnqL9UbU4VeA=="],

    "tree-sitter-wasms": ["tree-sitter-wasms@0.1.13", "", { "dependencies": { "tree-sitter-wasms": "^0.1.11" } }, "sha512-wT+cR6DwaIz80/vho3AvSF0N4txuNx/5bcRKoXouOfClpxh/qqrF4URNLQXbbt8MaAxeksZcZd1j8gcGjc+QxQ=="],

    "undici-types": ["undici-types@7.19.2", "", {}, "sha512-qYVnV5OEm2AW8cJMCpdV20CDyaN3g0AjDlOGf1OW4iaDEx8MwdtChUp4zu4H0VP3nDRF/8RKWH+IPp9uW0YGZg=="],

    "wasmoon": ["wasmoon@1.16.0", "", { "dependencies": { "@types/emscripten": "1.39.10" }, "bin": { "wasmoon": "bin/wasmoon" } }, "sha512-FlRLb15WwAOz1A9OQDbf6oOKKSiefi5VK0ZRF2wgH9xk3o5SnU11tNPaOnQuAh1Ucr66cwwvVXaeVRaFdRBt5g=="],

    "web-tree-sitter": ["web-tree-sitter@0.26.8", "", {}, "sha512-4sUwi7ZyOrIk5KLgYLkc2A/F0LFMQnBhfb+2Cdl7ik4ePJ6JD+fk4ofI2sA5eGawBKBaK4Vntt7Ww5KcEsay4A=="],
  }
}
